
Microsoft Visual Studio Solution File, Format Version 12.00
# Visual Studio Version 17
VisualStudioVersion = 17.9.34723.18
MinimumVisualStudioVersion = 10.0.40219.1
Project("{FAE04EC0-301F-11D3-BF4B-00C04F79EFBC}") = "EcomeProject", "EcomeProject\EcomeProject.csproj", "{4B68D40C-E5D2-4E11-914B-9CF10D2BD4B8}"
EndProject
Global
	GlobalSection(SolutionConfigurationPlatforms) = preSolution
		Debug|Any CPU = Debug|Any CPU
		Release|Any CPU = Release|Any CPU
	EndGlobalSection
	GlobalSection(ProjectConfigurationPlatforms) = postSolution
		{4B68D40C-E5D2-4E11-914B-9CF10D2BD4B8}.Debug|Any CPU.ActiveCfg = Debug|Any CPU
		{4B68D40C-E5D2-4E11-914B-9CF10D2BD4B8}.Debug|Any CPU.Build.0 = Debug|Any CPU
		{4B68D40C-E5D2-4E11-914B-9CF10D2BD4B8}.Release|Any CPU.ActiveCfg = Release|Any CPU
		{4B68D40C-E5D2-4E11-914B-9CF10D2BD4B8}.Release|Any CPU.Build.0 = Release|Any CPU
	EndGlobalSection
	GlobalSection(SolutionProperties) = preSolution
		HideSolutionNode = FALSE
	EndGlobalSection
	GlobalSection(ExtensibilityGlobals) = postSolution
		SolutionGuid = {6D0C6BEE-FCF7-4E3C-A637-62BDD93CB9E0}
	EndGlobalSection
EndGlobal
